// !$*UTF8*$!
{
	archiveVersion = 1;
	classes = {
	};
	objectVersion = 50;
	objects = {

/* Begin PBXBuildFile section */
		5A8A86F82409932E0014783D /* ArtistResponse.swift in Sources */ = {isa = PBXBuildFile; fileRef = 5A8A86F72409932E0014783D /* ArtistResponse.swift */; };
		5A8A86FC2409939D0014783D /* Artist.swift in Sources */ = {isa = PBXBuildFile; fileRef = 5A8A86FB2409939D0014783D /* Artist.swift */; };
		5ACC511124070FEC00EC272E /* AppDelegate.swift in Sources */ = {isa = PBXBuildFile; fileRef = 5ACC511024070FEC00EC272E /* AppDelegate.swift */; };
		5ACC511324070FEC00EC272E /* SceneDelegate.swift in Sources */ = {isa = PBXBuildFile; fileRef = 5ACC511224070FEC00EC272E /* SceneDelegate.swift */; };
		5ACC511524070FEC00EC272E /* ViewController.swift in Sources */ = {isa = PBXBuildFile; fileRef = 5ACC511424070FEC00EC272E /* ViewController.swift */; };
		5ACC511824070FEC00EC272E /* Main.storyboard in Resources */ = {isa = PBXBuildFile; fileRef = 5ACC511624070FEC00EC272E /* Main.storyboard */; };
		5ACC511A24070FEE00EC272E /* Assets.xcassets in Resources */ = {isa = PBXBuildFile; fileRef = 5ACC511924070FEE00EC272E /* Assets.xcassets */; };
		5ACC511D24070FEE00EC272E /* LaunchScreen.storyboard in Resources */ = {isa = PBXBuildFile; fileRef = 5ACC511B24070FEE00EC272E /* LaunchScreen.storyboard */; };
		5ACC512824070FEE00EC272E /* MusicByLocationTests.swift in Sources */ = {isa = PBXBuildFile; fileRef = 5ACC512724070FEE00EC272E /* MusicByLocationTests.swift */; };
		5ACC513324070FEE00EC272E /* MusicByLocationUITests.swift in Sources */ = {isa = PBXBuildFile; fileRef = 5ACC513224070FEE00EC272E /* MusicByLocationUITests.swift */; };
/* End PBXBuildFile section */

/* Begin PBXContainerItemProxy section */
		5ACC512424070FEE00EC272E /* PBXContainerItemProxy */ = {
			isa = PBXContainerItemProxy;
			containerPortal = 5ACC510524070FEC00EC272E /* Project object */;
			proxyType = 1;
			remoteGlobalIDString = 5ACC510C24070FEC00EC272E;
			remoteInfo = MusicByLocation;
		};
		5ACC512F24070FEE00EC272E /* PBXContainerItemProxy */ = {
			isa = PBXContainerItemProxy;
			containerPortal = 5ACC510524070FEC00EC272E /* Project object */;
			proxyType = 1;
			remoteGlobalIDString = 5ACC510C24070FEC00EC272E;
			remoteInfo = MusicByLocation;
		};
/* End PBXContainerItemProxy section */

/* Begin PBXFileReference section */
		5A8A86F72409932E0014783D /* ArtistResponse.swift */ = {isa = PBXFileReference; lastKnownFileType = sourcecode.swift; path = ArtistResponse.swift; sourceTree = "<group>"; };
		5A8A86FB2409939D0014783D /* Artist.swift */ = {isa = PBXFileReference; lastKnownFileType = sourcecode.swift; path = Artist.swift; sourceTree = "<group>"; };
		5ACC510D24070FEC00EC272E /* MusicByLocation.app */ = {isa = PBXFileReference; explicitFileType = wrapper.application; includeInIndex = 0; path = MusicByLocation.app; sourceTree = BUILT_PRODUCTS_DIR; };
		5ACC511024070FEC00EC272E /* AppDelegate.swift */ = {isa = PBXFileReference; lastKnownFileType = sourcecode.swift; path = AppDelegate.swift; sourceTree = "<group>"; };
		5ACC511224070FEC00EC272E /* SceneDelegate.swift */ = {isa = PBXFileReference; lastKnownFileType = sourcecode.swift; path = SceneDelegate.swift; sourceTree = "<group>"; };
		5ACC511424070FEC00EC272E /* ViewController.swift */ = {isa = PBXFileReference; lastKnownFileType = sourcecode.swift; path = ViewController.swift; sourceTree = "<group>"; };
		5ACC511724070FEC00EC272E /* Base */ = {isa = PBXFileReference; lastKnownFileType = file.storyboard; name = Base; path = Base.lproj/Main.storyboard; sourceTree = "<group>"; };
		5ACC511924070FEE00EC272E /* Assets.xcassets */ = {isa = PBXFileReference; lastKnownFileType = folder.assetcatalog; path = Assets.xcassets; sourceTree = "<group>"; };
		5ACC511C24070FEE00EC272E /* Base */ = {isa = PBXFileReference; lastKnownFileType = file.storyboard; name = Base; path = Base.lproj/LaunchScreen.storyboard; sourceTree = "<group>"; };
		5ACC511E24070FEE00EC272E /* Info.plist */ = {isa = PBXFileReference; lastKnownFileType = text.plist.xml; path = Info.plist; sourceTree = "<group>"; };
		5ACC512324070FEE00EC272E /* MusicByLocationTests.xctest */ = {isa = PBXFileReference; explicitFileType = wrapper.cfbundle; includeInIndex = 0; path = MusicByLocationTests.xctest; sourceTree = BUILT_PRODUCTS_DIR; };
		5ACC512724070FEE00EC272E /* MusicByLocationTests.swift */ = {isa = PBXFileReference; lastKnownFileType = sourcecode.swift; path = MusicByLocationTests.swift; sourceTree = "<group>"; };
		5ACC512924070FEE00EC272E /* Info.plist */ = {isa = PBXFileReference; lastKnownFileType = text.plist.xml; path = Info.plist; sourceTree = "<group>"; };
		5ACC512E24070FEE00EC272E /* MusicByLocationUITests.xctest */ = {isa = PBXFileReference; explicitFileType = wrapper.cfbundle; includeInIndex = 0; path = MusicByLocationUITests.xctest; sourceTree = BUILT_PRODUCTS_DIR; };
		5ACC513224070FEE00EC272E /* MusicByLocationUITests.swift */ = {isa = PBXFileReference; lastKnownFileType = sourcecode.swift; path = MusicByLocationUITests.swift; sourceTree = "<group>"; };
		5ACC513424070FEE00EC272E /* Info.plist */ = {isa = PBXFileReference; lastKnownFileType = text.plist.xml; path = Info.plist; sourceTree = "<group>"; };
/* End PBXFileReference section */

/* Begin PBXFrameworksBuildPhase section */
		5ACC510A24070FEC00EC272E /* Frameworks */ = {
			isa = PBXFrameworksBuildPhase;
			buildActionMask = 2147483647;
			files = (
			);
			runOnlyForDeploymentPostprocessing = 0;
		};
		5ACC512024070FEE00EC272E /* Frameworks */ = {
			isa = PBXFrameworksBuildPhase;
			buildActionMask = 2147483647;
			files = (
			);
			runOnlyForDeploymentPostprocessing = 0;
		};
		5ACC512B24070FEE00EC272E /* Frameworks */ = {
			isa = PBXFrameworksBuildPhase;
			buildActionMask = 2147483647;
			files = (
			);
			runOnlyForDeploymentPostprocessing = 0;
		};
/* End PBXFrameworksBuildPhase section */

/* Begin PBXGroup section */
		5ACC510424070FEC00EC272E = {
			isa = PBXGroup;
			children = (
				5ACC510F24070FEC00EC272E /* MusicByLocation */,
				5ACC512624070FEE00EC272E /* MusicByLocationTests */,
				5ACC513124070FEE00EC272E /* MusicByLocationUITests */,
				5ACC510E24070FEC00EC272E /* Products */,
			);
			sourceTree = "<group>";
		};
		5ACC510E24070FEC00EC272E /* Products */ = {
			isa = PBXGroup;
			children = (
				5ACC510D24070FEC00EC272E /* MusicByLocation.app */,
				5ACC512324070FEE00EC272E /* MusicByLocationTests.xctest */,
				5ACC512E24070FEE00EC272E /* MusicByLocationUITests.xctest */,
			);
			name = Products;
			sourceTree = "<group>";
		};
		5ACC510F24070FEC00EC272E /* MusicByLocation */ = {
			isa = PBXGroup;
			children = (
				5ACC511024070FEC00EC272E /* AppDelegate.swift */,
				5ACC511224070FEC00EC272E /* SceneDelegate.swift */,
				5ACC511424070FEC00EC272E /* ViewController.swift */,
				5ACC511624070FEC00EC272E /* Main.storyboard */,
				5ACC511924070FEE00EC272E /* Assets.xcassets */,
				5ACC511B24070FEE00EC272E /* LaunchScreen.storyboard */,
				5ACC511E24070FEE00EC272E /* Info.plist */,
				5A8A86F72409932E0014783D /* ArtistResponse.swift */,
				5A8A86FB2409939D0014783D /* Artist.swift */,
			);
			path = MusicByLocation;
			sourceTree = "<group>";
		};
		5ACC512624070FEE00EC272E /* MusicByLocationTests */ = {
			isa = PBXGroup;
			children = (
				5ACC512724070FEE00EC272E /* MusicByLocationTests.swift */,
				5ACC512924070FEE00EC272E /* Info.plist */,
			);
			path = MusicByLocationTests;
			sourceTree = "<group>";
		};
		5ACC513124070FEE00EC272E /* MusicByLocationUITests */ = {
			isa = PBXGroup;
			children = (
				5ACC513224070FEE00EC272E /* MusicByLocationUITests.swift */,
				5ACC513424070FEE00EC272E /* Info.plist */,
			);
			path = MusicByLocationUITests;
			sourceTree = "<group>";
		};
/* End PBXGroup section */

/* Begin PBXNativeTarget section */
		5ACC510C24070FEC00EC272E /* MusicByLocation */ = {
			isa = PBXNativeTarget;
			buildConfigurationList = 5ACC513724070FEE00EC272E /* Build configuration list for PBXNativeTarget "MusicByLocation" */;
			buildPhases = (
				5ACC510924070FEC00EC272E /* Sources */,
				5ACC510A24070FEC00EC272E /* Frameworks */,
				5ACC510B24070FEC00EC272E /* Resources */,
			);
			buildRules = (
			);
			dependencies = (
			);
			name = MusicByLocation;
			productName = MusicByLocation;
			productReference = 5ACC510D24070FEC00EC272E /* MusicByLocation.app */;
			productType = "com.apple.product-type.application";
		};
		5ACC512224070FEE00EC272E /* MusicByLocationTests */ = {
			isa = PBXNativeTarget;
			buildConfigurationList = 5ACC513A24070FEE00EC272E /* Build configuration list for PBXNativeTarget "MusicByLocationTests" */;
			buildPhases = (
				5ACC511F24070FEE00EC272E /* Sources */,
				5ACC512024070FEE00EC272E /* Frameworks */,
				5ACC512124070FEE00EC272E /* Resources */,
			);
			buildRules = (
			);
			dependencies = (
				5ACC512524070FEE00EC272E /* PBXTargetDependency */,
			);
			name = MusicByLocationTests;
			productName = MusicByLocationTests;
			productReference = 5ACC512324070FEE00EC272E /* MusicByLocationTests.xctest */;
			productType = "com.apple.product-type.bundle.unit-test";
		};
		5ACC512D24070FEE00EC272E /* MusicByLocationUITests */ = {
			isa = PBXNativeTarget;
			buildConfigurationList = 5ACC513D24070FEE00EC272E /* Build configuration list for PBXNativeTarget "MusicByLocationUITests" */;
			buildPhases = (
				5ACC512A24070FEE00EC272E /* Sources */,
				5ACC512B24070FEE00EC272E /* Frameworks */,
				5ACC512C24070FEE00EC272E /* Resources */,
			);
			buildRules = (
			);
			dependencies = (
				5ACC513024070FEE00EC272E /* PBXTargetDependency */,
			);
			name = MusicByLocationUITests;
			productName = MusicByLocationUITests;
			productReference = 5ACC512E24070FEE00EC272E /* MusicByLocationUITests.xctest */;
			productType = "com.apple.product-type.bundle.ui-testing";
		};
/* End PBXNativeTarget section */

/* Begin PBXProject section */
		5ACC510524070FEC00EC272E /* Project object */ = {
			isa = PBXProject;
			attributes = {
				LastSwiftUpdateCheck = 1130;
				LastUpgradeCheck = 1130;
				ORGANIZATIONNAME = "Barnham, Samuel (ABH)";
				TargetAttributes = {
					5ACC510C24070FEC00EC272E = {
						CreatedOnToolsVersion = 11.3;
					};
					5ACC512224070FEE00EC272E = {
						CreatedOnToolsVersion = 11.3;
						TestTargetID = 5ACC510C24070FEC00EC272E;
					};
					5ACC512D24070FEE00EC272E = {
						CreatedOnToolsVersion = 11.3;
						TestTargetID = 5ACC510C24070FEC00EC272E;
					};
				};
			};
			buildConfigurationList = 5ACC510824070FEC00EC272E /* Build configuration list for PBXProject "MusicByLocation" */;
			compatibilityVersion = "Xcode 9.3";
			developmentRegion = en;
			hasScannedForEncodings = 0;
			knownRegions = (
				en,
				Base,
			);
			mainGroup = 5ACC510424070FEC00EC272E;
			productRefGroup = 5ACC510E24070FEC00EC272E /* Products */;
			projectDirPath = "";
			projectRoot = "";
			targets = (
				5ACC510C24070FEC00EC272E /* MusicByLocation */,
				5ACC512224070FEE00EC272E /* MusicByLocationTests */,
				5ACC512D24070FEE00EC272E /* MusicByLocationUITests */,
			);
		};
/* End PBXProject section */

/* Begin PBXResourcesBuildPhase section */
		5ACC510B24070FEC00EC272E /* Resources */ = {
			isa = PBXResourcesBuildPhase;
			buildActionMask = 2147483647;
			files = (
				5ACC511D24070FEE00EC272E /* LaunchScreen.storyboard in Resources */,
				5ACC511A24070FEE00EC272E /* Assets.xcassets in Resources */,
				5ACC511824070FEC00EC272E /* Main.storyboard in Resources */,
			);
			runOnlyForDeploymentPostprocessing = 0;
		};
		5ACC512124070FEE00EC272E /* Resources */ = {
			isa = PBXResourcesBuildPhase;
			buildActionMask = 2147483647;
			files = (
			);
			runOnlyForDeploymentPostprocessing = 0;
		};
		5ACC512C24070FEE00EC272E /* Resources */ = {
			isa = PBXResourcesBuildPhase;
			buildActionMask = 2147483647;
			files = (
			);
			runOnlyForDeploymentPostprocessing = 0;
		};
/* End PBXResourcesBuildPhase section */

/* Begin PBXSourcesBuildPhase section */
		5ACC510924070FEC00EC272E /* Sources */ = {
			isa = PBXSourcesBuildPhase;
			buildActionMask = 2147483647;
			files = (
				5ACC511524070FEC00EC272E /* ViewController.swift in Sources */,
				5A8A86F82409932E0014783D /* ArtistResponse.swift in Sources */,
				5ACC511124070FEC00EC272E /* AppDelegate.swift in Sources */,
				5A8A86FC2409939D0014783D /* Artist.swift in Sources */,
				5ACC511324070FEC00EC272E /* SceneDelegate.swift in Sources */,
			);
			runOnlyForDeploymentPostprocessing = 0;
		};
		5ACC511F24070FEE00EC272E /* Sources */ = {
			isa = PBXSourcesBuildPhase;
			buildActionMask = 2147483647;
			files = (
				5ACC512824070FEE00EC272E /* MusicByLocationTests.swift in Sources */,
			);
			runOnlyForDeploymentPostprocessing = 0;
		};
		5ACC512A24070FEE00EC272E /* Sources */ = {
			isa = PBXSourcesBuildPhase;
			buildActionMask = 2147483647;
			files = (
				5ACC513324070FEE00EC272E /* MusicByLocationUITests.swift in Sources */,
			);
			runOnlyForDeploymentPostprocessing = 0;
		};
/* End PBXSourcesBuildPhase section */

/* Begin PBXTargetDependency section */
		5ACC512524070FEE00EC272E /* PBXTargetDependency */ = {
			isa = PBXTargetDependency;
			target = 5ACC510C24070FEC00EC272E /* MusicByLocation */;
			targetProxy = 5ACC512424070FEE00EC272E /* PBXContainerItemProxy */;
		};
		5ACC513024070FEE00EC272E /* PBXTargetDependency */ = {
			isa = PBXTargetDependency;
			target = 5ACC510C24070FEC00EC272E /* MusicByLocation */;
			targetProxy = 5ACC512F24070FEE00EC272E /* PBXContainerItemProxy */;
		};
/* End PBXTargetDependency section */

/* Begin PBXVariantGroup section */
		5ACC511624070FEC00EC272E /* Main.storyboard */ = {
			isa = PBXVariantGroup;
			children = (
				5ACC511724070FEC00EC272E /* Base */,
			);
			name = Main.storyboard;
			sourceTree = "<group>";
		};
		5ACC511B24070FEE00EC272E /* LaunchScreen.storyboard */ = {
			isa = PBXVariantGroup;
			children = (
				5ACC511C24070FEE00EC272E /* Base */,
			);
			name = LaunchScreen.storyboard;
			sourceTree = "<group>";
		};
/* End PBXVariantGroup section */

/* Begin XCBuildConfiguration section */
		5ACC513524070FEE00EC272E /* Debug */ = {
			isa = XCBuildConfiguration;
			buildSettings = {
				ALWAYS_SEARCH_USER_PATHS = NO;
				CLANG_ANALYZER_NONNULL = YES;
				CLANG_ANALYZER_NUMBER_OBJECT_CONVERSION = YES_AGGRESSIVE;
				CLANG_CXX_LANGUAGE_STANDARD = "gnu++14";
				CLANG_CXX_LIBRARY = "libc++";
				CLANG_ENABLE_MODULES = YES;
				CLANG_ENABLE_OBJC_ARC = YES;
				CLANG_ENABLE_OBJC_WEAK = YES;
				CLANG_WARN_BLOCK_CAPTURE_AUTORELEASING = YES;
				CLANG_WARN_BOOL_CONVERSION = YES;
				CLANG_WARN_COMMA = YES;
				CLANG_WARN_CONSTANT_CONVERSION = YES;
				CLANG_WARN_DEPRECATED_OBJC_IMPLEMENTATIONS = YES;
				CLANG_WARN_DIRECT_OBJC_ISA_USAGE = YES_ERROR;
				CLANG_WARN_DOCUMENTATION_COMMENTS = YES;
				CLANG_WARN_EMPTY_BODY = YES;
				CLANG_WARN_ENUM_CONVERSION = YES;
				CLANG_WARN_INFINITE_RECURSION = YES;
				CLANG_WARN_INT_CONVERSION = YES;
				CLANG_WARN_NON_LITERAL_NULL_CONVERSION = YES;
				CLANG_WARN_OBJC_IMPLICIT_RETAIN_SELF = YES;
				CLANG_WARN_OBJC_LITERAL_CONVERSION = YES;
				CLANG_WARN_OBJC_ROOT_CLASS = YES_ERROR;
				CLANG_WARN_RANGE_LOOP_ANALYSIS = YES;
				CLANG_WARN_STRICT_PROTOTYPES = YES;
				CLANG_WARN_SUSPICIOUS_MOVE = YES;
				CLANG_WARN_UNGUARDED_AVAILABILITY = YES_AGGRESSIVE;
				CLANG_WARN_UNREACHABLE_CODE = YES;
				CLANG_WARN__DUPLICATE_METHOD_MATCH = YES;
				COPY_PHASE_STRIP = NO;
				DEBUG_INFORMATION_FORMAT = dwarf;
				ENABLE_STRICT_OBJC_MSGSEND = YES;
				ENABLE_TESTABILITY = YES;
				GCC_C_LANGUAGE_STANDARD = gnu11;
				GCC_DYNAMIC_NO_PIC = NO;
				GCC_NO_COMMON_BLOCKS = YES;
				GCC_OPTIMIZATION_LEVEL = 0;
				GCC_PREPROCESSOR_DEFINITIONS = (
					"DEBUG=1",
					"$(inherited)",
				);
				GCC_WARN_64_TO_32_BIT_CONVERSION = YES;
				GCC_WARN_ABOUT_RETURN_TYPE = YES_ERROR;
				GCC_WARN_UNDECLARED_SELECTOR = YES;
				GCC_WARN_UNINITIALIZED_AUTOS = YES_AGGRESSIVE;
				GCC_WARN_UNUSED_FUNCTION = YES;
				GCC_WARN_UNUSED_VARIABLE = YES;
				IPHONEOS_DEPLOYMENT_TARGET = 13.2;
				MTL_ENABLE_DEBUG_INFO = INCLUDE_SOURCE;
				MTL_FAST_MATH = YES;
				ONLY_ACTIVE_ARCH = YES;
				SDKROOT = iphoneos;
				SWIFT_ACTIVE_COMPILATION_CONDITIONS = DEBUG;
				SWIFT_OPTIMIZATION_LEVEL = "-Onone";
			};
			name = Debug;
		};
		5ACC513624070FEE00EC272E /* Release */ = {
			isa = XCBuildConfiguration;
			buildSettings = {
				ALWAYS_SEARCH_USER_PATHS = NO;
				CLANG_ANALYZER_NONNULL = YES;
				CLANG_ANALYZER_NUMBER_OBJECT_CONVERSION = YES_AGGRESSIVE;
				CLANG_CXX_LANGUAGE_STANDARD = "gnu++14";
				CLANG_CXX_LIBRARY = "libc++";
				CLANG_ENABLE_MODULES = YES;
				CLANG_ENABLE_OBJC_ARC = YES;
				CLANG_ENABLE_OBJC_WEAK = YES;
				CLANG_WARN_BLOCK_CAPTURE_AUTORELEASING = YES;
				CLANG_WARN_BOOL_CONVERSION = YES;
				CLANG_WARN_COMMA = YES;
				CLANG_WARN_CONSTANT_CONVERSION = YES;
				CLANG_WARN_DEPRECATED_OBJC_IMPLEMENTATIONS = YES;
				CLANG_WARN_DIRECT_OBJC_ISA_USAGE = YES_ERROR;
				CLANG_WARN_DOCUMENTATION_COMMENTS = YES;
				CLANG_WARN_EMPTY_BODY = YES;
				CLANG_WARN_ENUM_CONVERSION = YES;
				CLANG_WARN_INFINITE_RECURSION = YES;
				CLANG_WARN_INT_CONVERSION = YES;
				CLANG_WARN_NON_LITERAL_NULL_CONVERSION = YES;
				CLANG_WARN_OBJC_IMPLICIT_RETAIN_SELF = YES;
				CLANG_WARN_OBJC_LITERAL_CONVERSION = YES;
				CLANG_WARN_OBJC_ROOT_CLASS = YES_ERROR;
				CLANG_WARN_RANGE_LOOP_ANALYSIS = YES;
				CLANG_WARN_STRICT_PROTOTYPES = YES;
				CLANG_WARN_SUSPICIOUS_MOVE = YES;
				CLANG_WARN_UNGUARDED_AVAILABILITY = YES_AGGRESSIVE;
				CLANG_WARN_UNREACHABLE_CODE = YES;
				CLANG_WARN__DUPLICATE_METHOD_MATCH = YES;
				COPY_PHASE_STRIP = NO;
				DEBUG_INFORMATION_FORMAT = "dwarf-with-dsym";
				ENABLE_NS_ASSERTIONS = NO;
				ENABLE_STRICT_OBJC_MSGSEND = YES;
				GCC_C_LANGUAGE_STANDARD = gnu11;
				GCC_NO_COMMON_BLOCKS = YES;
				GCC_WARN_64_TO_32_BIT_CONVERSION = YES;
				GCC_WARN_ABOUT_RETURN_TYPE = YES_ERROR;
				GCC_WARN_UNDECLARED_SELECTOR = YES;
				GCC_WARN_UNINITIALIZED_AUTOS = YES_AGGRESSIVE;
				GCC_WARN_UNUSED_FUNCTION = YES;
				GCC_WARN_UNUSED_VARIABLE = YES;
				IPHONEOS_DEPLOYMENT_TARGET = 13.2;
				MTL_ENABLE_DEBUG_INFO = NO;
				MTL_FAST_MATH = YES;
				SDKROOT = iphoneos;
				SWIFT_COMPILATION_MODE = wholemodule;
				SWIFT_OPTIMIZATION_LEVEL = "-O";
				VALIDATE_PRODUCT = YES;
			};
			name = Release;
		};
		5ACC513824070FEE00EC272E /* Debug */ = {
			isa = XCBuildConfiguration;
			buildSettings = {
				ASSETCATALOG_COMPILER_APPICON_NAME = AppIcon;
				CODE_SIGN_STYLE = Automatic;
				INFOPLIST_FILE = MusicByLocation/Info.plist;
				LD_RUNPATH_SEARCH_PATHS = (
					"$(inherited)",
					"@executable_path/Frameworks",
				);
				PRODUCT_BUNDLE_IDENTIFIER = com.sbarnham.MusicByLocation;
				PRODUCT_NAME = "$(TARGET_NAME)";
				SWIFT_VERSION = 5.0;
				TARGETED_DEVICE_FAMILY = "1,2";
			};
			name = Debug;
		};
		5ACC513924070FEE00EC272E /* Release */ = {
			isa = XCBuildConfiguration;
			buildSettings = {
				ASSETCATALOG_COMPILER_APPICON_NAME = AppIcon;
				CODE_SIGN_STYLE = Automatic;
				INFOPLIST_FILE = MusicByLocation/Info.plist;
				LD_RUNPATH_SEARCH_PATHS = (
					"$(inherited)",
					"@executable_path/Frameworks",
				);
				PRODUCT_BUNDLE_IDENTIFIER = com.sbarnham.MusicByLocation;
				PRODUCT_NAME = "$(TARGET_NAME)";
				SWIFT_VERSION = 5.0;
				TARGETED_DEVICE_FAMILY = "1,2";
			};
			name = Release;
		};
		5ACC513B24070FEE00EC272E /* Debug */ = {
			isa = XCBuildConfiguration;
			buildSettings = {
				ALWAYS_EMBED_SWIFT_STANDARD_LIBRARIES = YES;
				BUNDLE_LOADER = "$(TEST_HOST)";
				CODE_SIGN_STYLE = Automatic;
				INFOPLIST_FILE = MusicByLocationTests/Info.plist;
				IPHONEOS_DEPLOYMENT_TARGET = 13.2;
				LD_RUNPATH_SEARCH_PATHS = (
					"$(inherited)",
					"@executable_path/Frameworks",
					"@loader_path/Frameworks",
				);
				PRODUCT_BUNDLE_IDENTIFIER = com.sbarnham.MusicByLocationTests;
				PRODUCT_NAME = "$(TARGET_NAME)";
				SWIFT_VERSION = 5.0;
				TARGETED_DEVICE_FAMILY = "1,2";
				TEST_HOST = "$(BUILT_PRODUCTS_DIR)/MusicByLocation.app/MusicByLocation";
			};
			name = Debug;
		};
		5ACC513C24070FEE00EC272E /* Release */ = {
			isa = XCBuildConfiguration;
			buildSettings = {
				ALWAYS_EMBED_SWIFT_STANDARD_LIBRARIES = YES;
				BUNDLE_LOADER = "$(TEST_HOST)";
				CODE_SIGN_STYLE = Automatic;
				INFOPLIST_FILE = MusicByLocationTests/Info.plist;
				IPHONEOS_DEPLOYMENT_TARGET = 13.2;
				LD_RUNPATH_SEARCH_PATHS = (
					"$(inherited)",
					"@executable_path/Frameworks",
					"@loader_path/Frameworks",
				);
				PRODUCT_BUNDLE_IDENTIFIER = com.sbarnham.MusicByLocationTests;
				PRODUCT_NAME = "$(TARGET_NAME)";
				SWIFT_VERSION = 5.0;
				TARGETED_DEVICE_FAMILY = "1,2";
				TEST_HOST = "$(BUILT_PRODUCTS_DIR)/MusicByLocation.app/MusicByLocation";
			};
			name = Release;
		};
		5ACC513E24070FEE00EC272E /* Debug */ = {
			isa = XCBuildConfiguration;
			buildSettings = {
				ALWAYS_EMBED_SWIFT_STANDARD_LIBRARIES = YES;
				CODE_SIGN_STYLE = Automatic;
				INFOPLIST_FILE = MusicByLocationUITests/Info.plist;
				LD_RUNPATH_SEARCH_PATHS = (
					"$(inherited)",
					"@executable_path/Frameworks",
					"@loader_path/Frameworks",
				);
				PRODUCT_BUNDLE_IDENTIFIER = com.sbarnham.MusicByLocationUITests;
				PRODUCT_NAME = "$(TARGET_NAME)";
				SWIFT_VERSION = 5.0;
				TARGETED_DEVICE_FAMILY = "1,2";
				TEST_TARGET_NAME = MusicByLocation;
			};
			name = Debug;
		};
		5ACC513F24070FEE00EC272E /* Release */ = {
			isa = XCBuildConfiguration;
			buildSettings = {
				ALWAYS_EMBED_SWIFT_STANDARD_LIBRARIES = YES;
				CODE_SIGN_STYLE = Automatic;
				INFOPLIST_FILE = MusicByLocationUITests/Info.plist;
				LD_RUNPATH_SEARCH_PATHS = (
					"$(inherited)",
					"@executable_path/Frameworks",
					"@loader_path/Frameworks",
				);
				PRODUCT_BUNDLE_IDENTIFIER = com.sbarnham.MusicByLocationUITests;
				PRODUCT_NAME = "$(TARGET_NAME)";
				SWIFT_VERSION = 5.0;
				TARGETED_DEVICE_FAMILY = "1,2";
				TEST_TARGET_NAME = MusicByLocation;
			};
			name = Release;
		};
/* End XCBuildConfiguration section */

/* Begin XCConfigurationList section */
		5ACC510824070FEC00EC272E /* Build configuration list for PBXProject "MusicByLocation" */ = {
			isa = XCConfigurationList;
			buildConfigurations = (
				5ACC513524070FEE00EC272E /* Debug */,
				5ACC513624070FEE00EC272E /* Release */,
			);
			defaultConfigurationIsVisible = 0;
			defaultConfigurationName = Release;
		};
		5ACC513724070FEE00EC272E /* Build configuration list for PBXNativeTarget "MusicByLocation" */ = {
			isa = XCConfigurationList;
			buildConfigurations = (
				5ACC513824070FEE00EC272E /* Debug */,
				5ACC513924070FEE00EC272E /* Release */,
			);
			defaultConfigurationIsVisible = 0;
			defaultConfigurationName = Release;
		};
		5ACC513A24070FEE00EC272E /* Build configuration list for PBXNativeTarget "MusicByLocationTests" */ = {
			isa = XCConfigurationList;
			buildConfigurations = (
				5ACC513B24070FEE00EC272E /* Debug */,
				5ACC513C24070FEE00EC272E /* Release */,
			);
			defaultConfigurationIsVisible = 0;
			defaultConfigurationName = Release;
		};
		5ACC513D24070FEE00EC272E /* Build configuration list for PBXNativeTarget "MusicByLocationUITests" */ = {
			isa = XCConfigurationList;
			buildConfigurations = (
				5ACC513E24070FEE00EC272E /* Debug */,
				5ACC513F24070FEE00EC272E /* Release */,
			);
			defaultConfigurationIsVisible = 0;
			defaultConfigurationName = Release;
		};
/* End XCConfigurationList section */
	};
	rootObject = 5ACC510524070FEC00EC272E /* Project object */;
}
