// !$*UTF8*$!
{
	archiveVersion = 1;
	classes = {
	};
	objectVersion = 50;
	objects = {

/* Begin PBXBuildFile section */
		5A52D99D23F2D03E0007500C /* AppDelegate.swift in Sources */ = {isa = PBXBuildFile; fileRef = 5A52D99C23F2D03E0007500C /* AppDelegate.swift */; };
		5A52D99F23F2D03E0007500C /* SceneDelegate.swift in Sources */ = {isa = PBXBuildFile; fileRef = 5A52D99E23F2D03E0007500C /* SceneDelegate.swift */; };
		5A52D9A123F2D03E0007500C /* ViewController.swift in Sources */ = {isa = PBXBuildFile; fileRef = 5A52D9A023F2D03E0007500C /* ViewController.swift */; };
		5A52D9A423F2D03E0007500C /* Main.storyboard in Resources */ = {isa = PBXBuildFile; fileRef = 5A52D9A223F2D03E0007500C /* Main.storyboard */; };
		5A52D9A623F2D03F0007500C /* Assets.xcassets in Resources */ = {isa = PBXBuildFile; fileRef = 5A52D9A523F2D03F0007500C /* Assets.xcassets */; };
		5A52D9A923F2D03F0007500C /* LaunchScreen.storyboard in Resources */ = {isa = PBXBuildFile; fileRef = 5A52D9A723F2D03F0007500C /* LaunchScreen.storyboard */; };
		5A52D9B423F2D03F0007500C /* CommentCardWriterTests.swift in Sources */ = {isa = PBXBuildFile; fileRef = 5A52D9B323F2D03F0007500C /* CommentCardWriterTests.swift */; };
		5A52D9BF23F2D03F0007500C /* CommentCardWriterUITests.swift in Sources */ = {isa = PBXBuildFile; fileRef = 5A52D9BE23F2D03F0007500C /* CommentCardWriterUITests.swift */; };
		5A52D9CD23F2D0710007500C /* CommentFactory.swift in Sources */ = {isa = PBXBuildFile; fileRef = 5A52D9CC23F2D0710007500C /* CommentFactory.swift */; };
/* End PBXBuildFile section */

/* Begin PBXContainerItemProxy section */
		5A52D9B023F2D03F0007500C /* PBXContainerItemProxy */ = {
			isa = PBXContainerItemProxy;
			containerPortal = 5A52D99123F2D03E0007500C /* Project object */;
			proxyType = 1;
			remoteGlobalIDString = 5A52D99823F2D03E0007500C;
			remoteInfo = CommentCardWriter;
		};
		5A52D9BB23F2D03F0007500C /* PBXContainerItemProxy */ = {
			isa = PBXContainerItemProxy;
			containerPortal = 5A52D99123F2D03E0007500C /* Project object */;
			proxyType = 1;
			remoteGlobalIDString = 5A52D99823F2D03E0007500C;
			remoteInfo = CommentCardWriter;
		};
/* End PBXContainerItemProxy section */

/* Begin PBXFileReference section */
		5A52D99923F2D03E0007500C /* CommentCardWriter.app */ = {isa = PBXFileReference; explicitFileType = wrapper.application; includeInIndex = 0; path = CommentCardWriter.app; sourceTree = BUILT_PRODUCTS_DIR; };
		5A52D99C23F2D03E0007500C /* AppDelegate.swift */ = {isa = PBXFileReference; lastKnownFileType = sourcecode.swift; path = AppDelegate.swift; sourceTree = "<group>"; };
		5A52D99E23F2D03E0007500C /* SceneDelegate.swift */ = {isa = PBXFileReference; lastKnownFileType = sourcecode.swift; path = SceneDelegate.swift; sourceTree = "<group>"; };
		5A52D9A023F2D03E0007500C /* ViewController.swift */ = {isa = PBXFileReference; lastKnownFileType = sourcecode.swift; path = ViewController.swift; sourceTree = "<group>"; };
		5A52D9A323F2D03E0007500C /* Base */ = {isa = PBXFileReference; lastKnownFileType = file.storyboard; name = Base; path = Base.lproj/Main.storyboard; sourceTree = "<group>"; };
		5A52D9A523F2D03F0007500C /* Assets.xcassets */ = {isa = PBXFileReference; lastKnownFileType = folder.assetcatalog; path = Assets.xcassets; sourceTree = "<group>"; };
		5A52D9A823F2D03F0007500C /* Base */ = {isa = PBXFileReference; lastKnownFileType = file.storyboard; name = Base; path = Base.lproj/LaunchScreen.storyboard; sourceTree = "<group>"; };
		5A52D9AA23F2D03F0007500C /* Info.plist */ = {isa = PBXFileReference; lastKnownFileType = text.plist.xml; path = Info.plist; sourceTree = "<group>"; };
		5A52D9AF23F2D03F0007500C /* CommentCardWriterTests.xctest */ = {isa = PBXFileReference; explicitFileType = wrapper.cfbundle; includeInIndex = 0; path = CommentCardWriterTests.xctest; sourceTree = BUILT_PRODUCTS_DIR; };
		5A52D9B323F2D03F0007500C /* CommentCardWriterTests.swift */ = {isa = PBXFileReference; lastKnownFileType = sourcecode.swift; path = CommentCardWriterTests.swift; sourceTree = "<group>"; };
		5A52D9B523F2D03F0007500C /* Info.plist */ = {isa = PBXFileReference; lastKnownFileType = text.plist.xml; path = Info.plist; sourceTree = "<group>"; };
		5A52D9BA23F2D03F0007500C /* CommentCardWriterUITests.xctest */ = {isa = PBXFileReference; explicitFileType = wrapper.cfbundle; includeInIndex = 0; path = CommentCardWriterUITests.xctest; sourceTree = BUILT_PRODUCTS_DIR; };
		5A52D9BE23F2D03F0007500C /* CommentCardWriterUITests.swift */ = {isa = PBXFileReference; lastKnownFileType = sourcecode.swift; path = CommentCardWriterUITests.swift; sourceTree = "<group>"; };
		5A52D9C023F2D03F0007500C /* Info.plist */ = {isa = PBXFileReference; lastKnownFileType = text.plist.xml; path = Info.plist; sourceTree = "<group>"; };
		5A52D9CC23F2D0710007500C /* CommentFactory.swift */ = {isa = PBXFileReference; lastKnownFileType = sourcecode.swift; path = CommentFactory.swift; sourceTree = "<group>"; };
/* End PBXFileReference section */

/* Begin PBXFrameworksBuildPhase section */
		5A52D99623F2D03E0007500C /* Frameworks */ = {
			isa = PBXFrameworksBuildPhase;
			buildActionMask = 2147483647;
			files = (
			);
			runOnlyForDeploymentPostprocessing = 0;
		};
		5A52D9AC23F2D03F0007500C /* Frameworks */ = {
			isa = PBXFrameworksBuildPhase;
			buildActionMask = 2147483647;
			files = (
			);
			runOnlyForDeploymentPostprocessing = 0;
		};
		5A52D9B723F2D03F0007500C /* Frameworks */ = {
			isa = PBXFrameworksBuildPhase;
			buildActionMask = 2147483647;
			files = (
			);
			runOnlyForDeploymentPostprocessing = 0;
		};
/* End PBXFrameworksBuildPhase section */

/* Begin PBXGroup section */
		5A52D99023F2D03E0007500C = {
			isa = PBXGroup;
			children = (
				5A52D99B23F2D03E0007500C /* CommentCardWriter */,
				5A52D9B223F2D03F0007500C /* CommentCardWriterTests */,
				5A52D9BD23F2D03F0007500C /* CommentCardWriterUITests */,
				5A52D99A23F2D03E0007500C /* Products */,
			);
			sourceTree = "<group>";
		};
		5A52D99A23F2D03E0007500C /* Products */ = {
			isa = PBXGroup;
			children = (
				5A52D99923F2D03E0007500C /* CommentCardWriter.app */,
				5A52D9AF23F2D03F0007500C /* CommentCardWriterTests.xctest */,
				5A52D9BA23F2D03F0007500C /* CommentCardWriterUITests.xctest */,
			);
			name = Products;
			sourceTree = "<group>";
		};
		5A52D99B23F2D03E0007500C /* CommentCardWriter */ = {
			isa = PBXGroup;
			children = (
				5A52D99C23F2D03E0007500C /* AppDelegate.swift */,
				5A52D99E23F2D03E0007500C /* SceneDelegate.swift */,
				5A52D9A023F2D03E0007500C /* ViewController.swift */,
				5A52D9A223F2D03E0007500C /* Main.storyboard */,
				5A52D9A523F2D03F0007500C /* Assets.xcassets */,
				5A52D9A723F2D03F0007500C /* LaunchScreen.storyboard */,
				5A52D9AA23F2D03F0007500C /* Info.plist */,
				5A52D9CC23F2D0710007500C /* CommentFactory.swift */,
			);
			path = CommentCardWriter;
			sourceTree = "<group>";
		};
		5A52D9B223F2D03F0007500C /* CommentCardWriterTests */ = {
			isa = PBXGroup;
			children = (
				5A52D9B323F2D03F0007500C /* CommentCardWriterTests.swift */,
				5A52D9B523F2D03F0007500C /* Info.plist */,
			);
			path = CommentCardWriterTests;
			sourceTree = "<group>";
		};
		5A52D9BD23F2D03F0007500C /* CommentCardWriterUITests */ = {
			isa = PBXGroup;
			children = (
				5A52D9BE23F2D03F0007500C /* CommentCardWriterUITests.swift */,
				5A52D9C023F2D03F0007500C /* Info.plist */,
			);
			path = CommentCardWriterUITests;
			sourceTree = "<group>";
		};
/* End PBXGroup section */

/* Begin PBXNativeTarget section */
		5A52D99823F2D03E0007500C /* CommentCardWriter */ = {
			isa = PBXNativeTarget;
			buildConfigurationList = 5A52D9C323F2D03F0007500C /* Build configuration list for PBXNativeTarget "CommentCardWriter" */;
			buildPhases = (
				5A52D99523F2D03E0007500C /* Sources */,
				5A52D99623F2D03E0007500C /* Frameworks */,
				5A52D99723F2D03E0007500C /* Resources */,
			);
			buildRules = (
			);
			dependencies = (
			);
			name = CommentCardWriter;
			productName = CommentCardWriter;
			productReference = 5A52D99923F2D03E0007500C /* CommentCardWriter.app */;
			productType = "com.apple.product-type.application";
		};
		5A52D9AE23F2D03F0007500C /* CommentCardWriterTests */ = {
			isa = PBXNativeTarget;
			buildConfigurationList = 5A52D9C623F2D03F0007500C /* Build configuration list for PBXNativeTarget "CommentCardWriterTests" */;
			buildPhases = (
				5A52D9AB23F2D03F0007500C /* Sources */,
				5A52D9AC23F2D03F0007500C /* Frameworks */,
				5A52D9AD23F2D03F0007500C /* Resources */,
			);
			buildRules = (
			);
			dependencies = (
				5A52D9B123F2D03F0007500C /* PBXTargetDependency */,
			);
			name = CommentCardWriterTests;
			productName = CommentCardWriterTests;
			productReference = 5A52D9AF23F2D03F0007500C /* CommentCardWriterTests.xctest */;
			productType = "com.apple.product-type.bundle.unit-test";
		};
		5A52D9B923F2D03F0007500C /* CommentCardWriterUITests */ = {
			isa = PBXNativeTarget;
			buildConfigurationList = 5A52D9C923F2D03F0007500C /* Build configuration list for PBXNativeTarget "CommentCardWriterUITests" */;
			buildPhases = (
				5A52D9B623F2D03F0007500C /* Sources */,
				5A52D9B723F2D03F0007500C /* Frameworks */,
				5A52D9B823F2D03F0007500C /* Resources */,
			);
			buildRules = (
			);
			dependencies = (
				5A52D9BC23F2D03F0007500C /* PBXTargetDependency */,
			);
			name = CommentCardWriterUITests;
			productName = CommentCardWriterUITests;
			productReference = 5A52D9BA23F2D03F0007500C /* CommentCardWriterUITests.xctest */;
			productType = "com.apple.product-type.bundle.ui-testing";
		};
/* End PBXNativeTarget section */

/* Begin PBXProject section */
		5A52D99123F2D03E0007500C /* Project object */ = {
			isa = PBXProject;
			attributes = {
				LastSwiftUpdateCheck = 1130;
				LastUpgradeCheck = 1130;
				ORGANIZATIONNAME = "Barnham, Samuel (ABH)";
				TargetAttributes = {
					5A52D99823F2D03E0007500C = {
						CreatedOnToolsVersion = 11.3;
					};
					5A52D9AE23F2D03F0007500C = {
						CreatedOnToolsVersion = 11.3;
						TestTargetID = 5A52D99823F2D03E0007500C;
					};
					5A52D9B923F2D03F0007500C = {
						CreatedOnToolsVersion = 11.3;
						TestTargetID = 5A52D99823F2D03E0007500C;
					};
				};
			};
			buildConfigurationList = 5A52D99423F2D03E0007500C /* Build configuration list for PBXProject "CommentCardWriter" */;
			compatibilityVersion = "Xcode 9.3";
			developmentRegion = en;
			hasScannedForEncodings = 0;
			knownRegions = (
				en,
				Base,
			);
			mainGroup = 5A52D99023F2D03E0007500C;
			productRefGroup = 5A52D99A23F2D03E0007500C /* Products */;
			projectDirPath = "";
			projectRoot = "";
			targets = (
				5A52D99823F2D03E0007500C /* CommentCardWriter */,
				5A52D9AE23F2D03F0007500C /* CommentCardWriterTests */,
				5A52D9B923F2D03F0007500C /* CommentCardWriterUITests */,
			);
		};
/* End PBXProject section */

/* Begin PBXResourcesBuildPhase section */
		5A52D99723F2D03E0007500C /* Resources */ = {
			isa = PBXResourcesBuildPhase;
			buildActionMask = 2147483647;
			files = (
				5A52D9A923F2D03F0007500C /* LaunchScreen.storyboard in Resources */,
				5A52D9A623F2D03F0007500C /* Assets.xcassets in Resources */,
				5A52D9A423F2D03E0007500C /* Main.storyboard in Resources */,
			);
			runOnlyForDeploymentPostprocessing = 0;
		};
		5A52D9AD23F2D03F0007500C /* Resources */ = {
			isa = PBXResourcesBuildPhase;
			buildActionMask = 2147483647;
			files = (
			);
			runOnlyForDeploymentPostprocessing = 0;
		};
		5A52D9B823F2D03F0007500C /* Resources */ = {
			isa = PBXResourcesBuildPhase;
			buildActionMask = 2147483647;
			files = (
			);
			runOnlyForDeploymentPostprocessing = 0;
		};
/* End PBXResourcesBuildPhase section */

/* Begin PBXSourcesBuildPhase section */
		5A52D99523F2D03E0007500C /* Sources */ = {
			isa = PBXSourcesBuildPhase;
			buildActionMask = 2147483647;
			files = (
				5A52D9A123F2D03E0007500C /* ViewController.swift in Sources */,
				5A52D99D23F2D03E0007500C /* AppDelegate.swift in Sources */,
				5A52D9CD23F2D0710007500C /* CommentFactory.swift in Sources */,
				5A52D99F23F2D03E0007500C /* SceneDelegate.swift in Sources */,
			);
			runOnlyForDeploymentPostprocessing = 0;
		};
		5A52D9AB23F2D03F0007500C /* Sources */ = {
			isa = PBXSourcesBuildPhase;
			buildActionMask = 2147483647;
			files = (
				5A52D9B423F2D03F0007500C /* CommentCardWriterTests.swift in Sources */,
			);
			runOnlyForDeploymentPostprocessing = 0;
		};
		5A52D9B623F2D03F0007500C /* Sources */ = {
			isa = PBXSourcesBuildPhase;
			buildActionMask = 2147483647;
			files = (
				5A52D9BF23F2D03F0007500C /* CommentCardWriterUITests.swift in Sources */,
			);
			runOnlyForDeploymentPostprocessing = 0;
		};
/* End PBXSourcesBuildPhase section */

/* Begin PBXTargetDependency section */
		5A52D9B123F2D03F0007500C /* PBXTargetDependency */ = {
			isa = PBXTargetDependency;
			target = 5A52D99823F2D03E0007500C /* CommentCardWriter */;
			targetProxy = 5A52D9B023F2D03F0007500C /* PBXContainerItemProxy */;
		};
		5A52D9BC23F2D03F0007500C /* PBXTargetDependency */ = {
			isa = PBXTargetDependency;
			target = 5A52D99823F2D03E0007500C /* CommentCardWriter */;
			targetProxy = 5A52D9BB23F2D03F0007500C /* PBXContainerItemProxy */;
		};
/* End PBXTargetDependency section */

/* Begin PBXVariantGroup section */
		5A52D9A223F2D03E0007500C /* Main.storyboard */ = {
			isa = PBXVariantGroup;
			children = (
				5A52D9A323F2D03E0007500C /* Base */,
			);
			name = Main.storyboard;
			sourceTree = "<group>";
		};
		5A52D9A723F2D03F0007500C /* LaunchScreen.storyboard */ = {
			isa = PBXVariantGroup;
			children = (
				5A52D9A823F2D03F0007500C /* Base */,
			);
			name = LaunchScreen.storyboard;
			sourceTree = "<group>";
		};
/* End PBXVariantGroup section */

/* Begin XCBuildConfiguration section */
		5A52D9C123F2D03F0007500C /* Debug */ = {
			isa = XCBuildConfiguration;
			buildSettings = {
				ALWAYS_SEARCH_USER_PATHS = NO;
				CLANG_ANALYZER_NONNULL = YES;
				CLANG_ANALYZER_NUMBER_OBJECT_CONVERSION = YES_AGGRESSIVE;
				CLANG_CXX_LANGUAGE_STANDARD = "gnu++14";
				CLANG_CXX_LIBRARY = "libc++";
				CLANG_ENABLE_MODULES = YES;
				CLANG_ENABLE_OBJC_ARC = YES;
				CLANG_ENABLE_OBJC_WEAK = YES;
				CLANG_WARN_BLOCK_CAPTURE_AUTORELEASING = YES;
				CLANG_WARN_BOOL_CONVERSION = YES;
				CLANG_WARN_COMMA = YES;
				CLANG_WARN_CONSTANT_CONVERSION = YES;
				CLANG_WARN_DEPRECATED_OBJC_IMPLEMENTATIONS = YES;
				CLANG_WARN_DIRECT_OBJC_ISA_USAGE = YES_ERROR;
				CLANG_WARN_DOCUMENTATION_COMMENTS = YES;
				CLANG_WARN_EMPTY_BODY = YES;
				CLANG_WARN_ENUM_CONVERSION = YES;
				CLANG_WARN_INFINITE_RECURSION = YES;
				CLANG_WARN_INT_CONVERSION = YES;
				CLANG_WARN_NON_LITERAL_NULL_CONVERSION = YES;
				CLANG_WARN_OBJC_IMPLICIT_RETAIN_SELF = YES;
				CLANG_WARN_OBJC_LITERAL_CONVERSION = YES;
				CLANG_WARN_OBJC_ROOT_CLASS = YES_ERROR;
				CLANG_WARN_RANGE_LOOP_ANALYSIS = YES;
				CLANG_WARN_STRICT_PROTOTYPES = YES;
				CLANG_WARN_SUSPICIOUS_MOVE = YES;
				CLANG_WARN_UNGUARDED_AVAILABILITY = YES_AGGRESSIVE;
				CLANG_WARN_UNREACHABLE_CODE = YES;
				CLANG_WARN__DUPLICATE_METHOD_MATCH = YES;
				COPY_PHASE_STRIP = NO;
				DEBUG_INFORMATION_FORMAT = dwarf;
				ENABLE_STRICT_OBJC_MSGSEND = YES;
				ENABLE_TESTABILITY = YES;
				GCC_C_LANGUAGE_STANDARD = gnu11;
				GCC_DYNAMIC_NO_PIC = NO;
				GCC_NO_COMMON_BLOCKS = YES;
				GCC_OPTIMIZATION_LEVEL = 0;
				GCC_PREPROCESSOR_DEFINITIONS = (
					"DEBUG=1",
					"$(inherited)",
				);
				GCC_WARN_64_TO_32_BIT_CONVERSION = YES;
				GCC_WARN_ABOUT_RETURN_TYPE = YES_ERROR;
				GCC_WARN_UNDECLARED_SELECTOR = YES;
				GCC_WARN_UNINITIALIZED_AUTOS = YES_AGGRESSIVE;
				GCC_WARN_UNUSED_FUNCTION = YES;
				GCC_WARN_UNUSED_VARIABLE = YES;
				IPHONEOS_DEPLOYMENT_TARGET = 13.2;
				MTL_ENABLE_DEBUG_INFO = INCLUDE_SOURCE;
				MTL_FAST_MATH = YES;
				ONLY_ACTIVE_ARCH = YES;
				SDKROOT = iphoneos;
				SWIFT_ACTIVE_COMPILATION_CONDITIONS = DEBUG;
				SWIFT_OPTIMIZATION_LEVEL = "-Onone";
			};
			name = Debug;
		};
		5A52D9C223F2D03F0007500C /* Release */ = {
			isa = XCBuildConfiguration;
			buildSettings = {
				ALWAYS_SEARCH_USER_PATHS = NO;
				CLANG_ANALYZER_NONNULL = YES;
				CLANG_ANALYZER_NUMBER_OBJECT_CONVERSION = YES_AGGRESSIVE;
				CLANG_CXX_LANGUAGE_STANDARD = "gnu++14";
				CLANG_CXX_LIBRARY = "libc++";
				CLANG_ENABLE_MODULES = YES;
				CLANG_ENABLE_OBJC_ARC = YES;
				CLANG_ENABLE_OBJC_WEAK = YES;
				CLANG_WARN_BLOCK_CAPTURE_AUTORELEASING = YES;
				CLANG_WARN_BOOL_CONVERSION = YES;
				CLANG_WARN_COMMA = YES;
				CLANG_WARN_CONSTANT_CONVERSION = YES;
				CLANG_WARN_DEPRECATED_OBJC_IMPLEMENTATIONS = YES;
				CLANG_WARN_DIRECT_OBJC_ISA_USAGE = YES_ERROR;
				CLANG_WARN_DOCUMENTATION_COMMENTS = YES;
				CLANG_WARN_EMPTY_BODY = YES;
				CLANG_WARN_ENUM_CONVERSION = YES;
				CLANG_WARN_INFINITE_RECURSION = YES;
				CLANG_WARN_INT_CONVERSION = YES;
				CLANG_WARN_NON_LITERAL_NULL_CONVERSION = YES;
				CLANG_WARN_OBJC_IMPLICIT_RETAIN_SELF = YES;
				CLANG_WARN_OBJC_LITERAL_CONVERSION = YES;
				CLANG_WARN_OBJC_ROOT_CLASS = YES_ERROR;
				CLANG_WARN_RANGE_LOOP_ANALYSIS = YES;
				CLANG_WARN_STRICT_PROTOTYPES = YES;
				CLANG_WARN_SUSPICIOUS_MOVE = YES;
				CLANG_WARN_UNGUARDED_AVAILABILITY = YES_AGGRESSIVE;
				CLANG_WARN_UNREACHABLE_CODE = YES;
				CLANG_WARN__DUPLICATE_METHOD_MATCH = YES;
				COPY_PHASE_STRIP = NO;
				DEBUG_INFORMATION_FORMAT = "dwarf-with-dsym";
				ENABLE_NS_ASSERTIONS = NO;
				ENABLE_STRICT_OBJC_MSGSEND = YES;
				GCC_C_LANGUAGE_STANDARD = gnu11;
				GCC_NO_COMMON_BLOCKS = YES;
				GCC_WARN_64_TO_32_BIT_CONVERSION = YES;
				GCC_WARN_ABOUT_RETURN_TYPE = YES_ERROR;
				GCC_WARN_UNDECLARED_SELECTOR = YES;
				GCC_WARN_UNINITIALIZED_AUTOS = YES_AGGRESSIVE;
				GCC_WARN_UNUSED_FUNCTION = YES;
				GCC_WARN_UNUSED_VARIABLE = YES;
				IPHONEOS_DEPLOYMENT_TARGET = 13.2;
				MTL_ENABLE_DEBUG_INFO = NO;
				MTL_FAST_MATH = YES;
				SDKROOT = iphoneos;
				SWIFT_COMPILATION_MODE = wholemodule;
				SWIFT_OPTIMIZATION_LEVEL = "-O";
				VALIDATE_PRODUCT = YES;
			};
			name = Release;
		};
		5A52D9C423F2D03F0007500C /* Debug */ = {
			isa = XCBuildConfiguration;
			buildSettings = {
				ASSETCATALOG_COMPILER_APPICON_NAME = AppIcon;
				CODE_SIGN_STYLE = Automatic;
				INFOPLIST_FILE = CommentCardWriter/Info.plist;
				LD_RUNPATH_SEARCH_PATHS = (
					"$(inherited)",
					"@executable_path/Frameworks",
				);
				PRODUCT_BUNDLE_IDENTIFIER = com.sbarnham.CommentCardWriter;
				PRODUCT_NAME = "$(TARGET_NAME)";
				SWIFT_VERSION = 5.0;
				TARGETED_DEVICE_FAMILY = "1,2";
			};
			name = Debug;
		};
		5A52D9C523F2D03F0007500C /* Release */ = {
			isa = XCBuildConfiguration;
			buildSettings = {
				ASSETCATALOG_COMPILER_APPICON_NAME = AppIcon;
				CODE_SIGN_STYLE = Automatic;
				INFOPLIST_FILE = CommentCardWriter/Info.plist;
				LD_RUNPATH_SEARCH_PATHS = (
					"$(inherited)",
					"@executable_path/Frameworks",
				);
				PRODUCT_BUNDLE_IDENTIFIER = com.sbarnham.CommentCardWriter;
				PRODUCT_NAME = "$(TARGET_NAME)";
				SWIFT_VERSION = 5.0;
				TARGETED_DEVICE_FAMILY = "1,2";
			};
			name = Release;
		};
		5A52D9C723F2D03F0007500C /* Debug */ = {
			isa = XCBuildConfiguration;
			buildSettings = {
				ALWAYS_EMBED_SWIFT_STANDARD_LIBRARIES = YES;
				BUNDLE_LOADER = "$(TEST_HOST)";
				CODE_SIGN_STYLE = Automatic;
				INFOPLIST_FILE = CommentCardWriterTests/Info.plist;
				IPHONEOS_DEPLOYMENT_TARGET = 13.2;
				LD_RUNPATH_SEARCH_PATHS = (
					"$(inherited)",
					"@executable_path/Frameworks",
					"@loader_path/Frameworks",
				);
				PRODUCT_BUNDLE_IDENTIFIER = com.sbarnham.CommentCardWriterTests;
				PRODUCT_NAME = "$(TARGET_NAME)";
				SWIFT_VERSION = 5.0;
				TARGETED_DEVICE_FAMILY = "1,2";
				TEST_HOST = "$(BUILT_PRODUCTS_DIR)/CommentCardWriter.app/CommentCardWriter";
			};
			name = Debug;
		};
		5A52D9C823F2D03F0007500C /* Release */ = {
			isa = XCBuildConfiguration;
			buildSettings = {
				ALWAYS_EMBED_SWIFT_STANDARD_LIBRARIES = YES;
				BUNDLE_LOADER = "$(TEST_HOST)";
				CODE_SIGN_STYLE = Automatic;
				INFOPLIST_FILE = CommentCardWriterTests/Info.plist;
				IPHONEOS_DEPLOYMENT_TARGET = 13.2;
				LD_RUNPATH_SEARCH_PATHS = (
					"$(inherited)",
					"@executable_path/Frameworks",
					"@loader_path/Frameworks",
				);
				PRODUCT_BUNDLE_IDENTIFIER = com.sbarnham.CommentCardWriterTests;
				PRODUCT_NAME = "$(TARGET_NAME)";
				SWIFT_VERSION = 5.0;
				TARGETED_DEVICE_FAMILY = "1,2";
				TEST_HOST = "$(BUILT_PRODUCTS_DIR)/CommentCardWriter.app/CommentCardWriter";
			};
			name = Release;
		};
		5A52D9CA23F2D03F0007500C /* Debug */ = {
			isa = XCBuildConfiguration;
			buildSettings = {
				ALWAYS_EMBED_SWIFT_STANDARD_LIBRARIES = YES;
				CODE_SIGN_STYLE = Automatic;
				INFOPLIST_FILE = CommentCardWriterUITests/Info.plist;
				LD_RUNPATH_SEARCH_PATHS = (
					"$(inherited)",
					"@executable_path/Frameworks",
					"@loader_path/Frameworks",
				);
				PRODUCT_BUNDLE_IDENTIFIER = com.sbarnham.CommentCardWriterUITests;
				PRODUCT_NAME = "$(TARGET_NAME)";
				SWIFT_VERSION = 5.0;
				TARGETED_DEVICE_FAMILY = "1,2";
				TEST_TARGET_NAME = CommentCardWriter;
			};
			name = Debug;
		};
		5A52D9CB23F2D03F0007500C /* Release */ = {
			isa = XCBuildConfiguration;
			buildSettings = {
				ALWAYS_EMBED_SWIFT_STANDARD_LIBRARIES = YES;
				CODE_SIGN_STYLE = Automatic;
				INFOPLIST_FILE = CommentCardWriterUITests/Info.plist;
				LD_RUNPATH_SEARCH_PATHS = (
					"$(inherited)",
					"@executable_path/Frameworks",
					"@loader_path/Frameworks",
				);
				PRODUCT_BUNDLE_IDENTIFIER = com.sbarnham.CommentCardWriterUITests;
				PRODUCT_NAME = "$(TARGET_NAME)";
				SWIFT_VERSION = 5.0;
				TARGETED_DEVICE_FAMILY = "1,2";
				TEST_TARGET_NAME = CommentCardWriter;
			};
			name = Release;
		};
/* End XCBuildConfiguration section */

/* Begin XCConfigurationList section */
		5A52D99423F2D03E0007500C /* Build configuration list for PBXProject "CommentCardWriter" */ = {
			isa = XCConfigurationList;
			buildConfigurations = (
				5A52D9C123F2D03F0007500C /* Debug */,
				5A52D9C223F2D03F0007500C /* Release */,
			);
			defaultConfigurationIsVisible = 0;
			defaultConfigurationName = Release;
		};
		5A52D9C323F2D03F0007500C /* Build configuration list for PBXNativeTarget "CommentCardWriter" */ = {
			isa = XCConfigurationList;
			buildConfigurations = (
				5A52D9C423F2D03F0007500C /* Debug */,
				5A52D9C523F2D03F0007500C /* Release */,
			);
			defaultConfigurationIsVisible = 0;
			defaultConfigurationName = Release;
		};
		5A52D9C623F2D03F0007500C /* Build configuration list for PBXNativeTarget "CommentCardWriterTests" */ = {
			isa = XCConfigurationList;
			buildConfigurations = (
				5A52D9C723F2D03F0007500C /* Debug */,
				5A52D9C823F2D03F0007500C /* Release */,
			);
			defaultConfigurationIsVisible = 0;
			defaultConfigurationName = Release;
		};
		5A52D9C923F2D03F0007500C /* Build configuration list for PBXNativeTarget "CommentCardWriterUITests" */ = {
			isa = XCConfigurationList;
			buildConfigurations = (
				5A52D9CA23F2D03F0007500C /* Debug */,
				5A52D9CB23F2D03F0007500C /* Release */,
			);
			defaultConfigurationIsVisible = 0;
			defaultConfigurationName = Release;
		};
/* End XCConfigurationList section */
	};
	rootObject = 5A52D99123F2D03E0007500C /* Project object */;
}
